// !$*UTF8*$!
{
	archiveVersion = 1;
	classes = {
	};
	objectVersion = 46;
	objects = {

/* Begin PBXBuildFile section */
		F1B2E7E9192F6E8100C8B5D6 /* Foundation.framework in Frameworks */ = {isa = PBXBuildFile; fileRef = F1B2E7E8192F6E8100C8B5D6 /* Foundation.framework */; };
		F1B2E7EB192F6E8100C8B5D6 /* CoreGraphics.framework in Frameworks */ = {isa = PBXBuildFile; fileRef = F1B2E7EA192F6E8100C8B5D6 /* CoreGraphics.framework */; };
		F1B2E7ED192F6E8100C8B5D6 /* UIKit.framework in Frameworks */ = {isa = PBXBuildFile; fileRef = F1B2E7EC192F6E8100C8B5D6 /* UIKit.framework */; };
		F1B2E7F3192F6E8100C8B5D6 /* InfoPlist.strings in Resources */ = {isa = PBXBuildFile; fileRef = F1B2E7F1192F6E8100C8B5D6 /* InfoPlist.strings */; };
		F1B2E7F5192F6E8100C8B5D6 /* main.m in Sources */ = {isa = PBXBuildFile; fileRef = F1B2E7F4192F6E8100C8B5D6 /* main.m */; };
		F1B2E7F9192F6E8100C8B5D6 /* APAppDelegate.m in Sources */ = {isa = PBXBuildFile; fileRef = F1B2E7F8192F6E8100C8B5D6 /* APAppDelegate.m */; };
		F1B2E7FB192F6E8100C8B5D6 /* Images.xcassets in Resources */ = {isa = PBXBuildFile; fileRef = F1B2E7FA192F6E8100C8B5D6 /* Images.xcassets */; };
		F1B2E802192F6E8200C8B5D6 /* XCTest.framework in Frameworks */ = {isa = PBXBuildFile; fileRef = F1B2E801192F6E8200C8B5D6 /* XCTest.framework */; };
		F1B2E803192F6E8200C8B5D6 /* Foundation.framework in Frameworks */ = {isa = PBXBuildFile; fileRef = F1B2E7E8192F6E8100C8B5D6 /* Foundation.framework */; };
		F1B2E804192F6E8200C8B5D6 /* UIKit.framework in Frameworks */ = {isa = PBXBuildFile; fileRef = F1B2E7EC192F6E8100C8B5D6 /* UIKit.framework */; };
		F1B2E80C192F6E8200C8B5D6 /* InfoPlist.strings in Resources */ = {isa = PBXBuildFile; fileRef = F1B2E80A192F6E8200C8B5D6 /* InfoPlist.strings */; };
		F1B2E80E192F6E8200C8B5D6 /* tubenoiseTests.m in Sources */ = {isa = PBXBuildFile; fileRef = F1B2E80D192F6E8200C8B5D6 /* tubenoiseTests.m */; };
		F1B2E818192F708000C8B5D6 /* MessageUI.framework in Frameworks */ = {isa = PBXBuildFile; fileRef = F1B2E817192F708000C8B5D6 /* MessageUI.framework */; };
		F1B2E81A192F708800C8B5D6 /* CoreMotion.framework in Frameworks */ = {isa = PBXBuildFile; fileRef = F1B2E819192F708800C8B5D6 /* CoreMotion.framework */; };
		F1B2E81E192F70BE00C8B5D6 /* APHomeViewController.m in Sources */ = {isa = PBXBuildFile; fileRef = F1B2E81C192F70BE00C8B5D6 /* APHomeViewController.m */; };
		F1B2E81F192F70BE00C8B5D6 /* APHomeViewController.xib in Resources */ = {isa = PBXBuildFile; fileRef = F1B2E81D192F70BE00C8B5D6 /* APHomeViewController.xib */; };
		F1B2E822192F71F800C8B5D6 /* APLGraphView.m in Sources */ = {isa = PBXBuildFile; fileRef = F1B2E821192F71F800C8B5D6 /* APLGraphView.m */; };
		F1B2E825192F999F00C8B5D6 /* APPlotView.m in Sources */ = {isa = PBXBuildFile; fileRef = F1B2E824192F999F00C8B5D6 /* APPlotView.m */; };
		F1B2E828192FA5AA00C8B5D6 /* APEncodeMovie.m in Sources */ = {isa = PBXBuildFile; fileRef = F1B2E827192FA5AA00C8B5D6 /* APEncodeMovie.m */; };
		F1BEEF5B1934C3BD00A0B080 /* APPlotUtils.m in Sources */ = {isa = PBXBuildFile; fileRef = F1BEEF5A1934C3BD00A0B080 /* APPlotUtils.m */; };
		F1E08947193520E30077BFAF /* AudioToolbox.framework in Frameworks */ = {isa = PBXBuildFile; fileRef = F1E08946193520E30077BFAF /* AudioToolbox.framework */; };
/* End PBXBuildFile section */

/* Begin PBXContainerItemProxy section */
		F1B2E805192F6E8200C8B5D6 /* PBXContainerItemProxy */ = {
			isa = PBXContainerItemProxy;
			containerPortal = F1B2E7DD192F6E8100C8B5D6 /* Project object */;
			proxyType = 1;
			remoteGlobalIDString = F1B2E7E4192F6E8100C8B5D6;
			remoteInfo = tubenoise;
		};
/* End PBXContainerItemProxy section */

/* Begin PBXFileReference section */
		F1B2E7E5192F6E8100C8B5D6 /* tubenoise.app */ = {isa = PBXFileReference; explicitFileType = wrapper.application; includeInIndex = 0; path = tubenoise.app; sourceTree = BUILT_PRODUCTS_DIR; };
		F1B2E7E8192F6E8100C8B5D6 /* Foundation.framework */ = {isa = PBXFileReference; lastKnownFileType = wrapper.framework; name = Foundation.framework; path = System/Library/Frameworks/Foundation.framework; sourceTree = SDKROOT; };
		F1B2E7EA192F6E8100C8B5D6 /* CoreGraphics.framework */ = {isa = PBXFileReference; lastKnownFileType = wrapper.framework; name = CoreGraphics.framework; path = System/Library/Frameworks/CoreGraphics.framework; sourceTree = SDKROOT; };
		F1B2E7EC192F6E8100C8B5D6 /* UIKit.framework */ = {isa = PBXFileReference; lastKnownFileType = wrapper.framework; name = UIKit.framework; path = System/Library/Frameworks/UIKit.framework; sourceTree = SDKROOT; };
		F1B2E7F0192F6E8100C8B5D6 /* tubenoise-Info.plist */ = {isa = PBXFileReference; lastKnownFileType = text.plist.xml; path = "tubenoise-Info.plist"; sourceTree = "<group>"; };
		F1B2E7F2192F6E8100C8B5D6 /* en */ = {isa = PBXFileReference; lastKnownFileType = text.plist.strings; name = en; path = en.lproj/InfoPlist.strings; sourceTree = "<group>"; };
		F1B2E7F4192F6E8100C8B5D6 /* main.m */ = {isa = PBXFileReference; lastKnownFileType = sourcecode.c.objc; path = main.m; sourceTree = "<group>"; };
		F1B2E7F6192F6E8100C8B5D6 /* tubenoise-Prefix.pch */ = {isa = PBXFileReference; lastKnownFileType = sourcecode.c.h; path = "tubenoise-Prefix.pch"; sourceTree = "<group>"; };
		F1B2E7F7192F6E8100C8B5D6 /* APAppDelegate.h */ = {isa = PBXFileReference; lastKnownFileType = sourcecode.c.h; path = APAppDelegate.h; sourceTree = "<group>"; };
		F1B2E7F8192F6E8100C8B5D6 /* APAppDelegate.m */ = {isa = PBXFileReference; lastKnownFileType = sourcecode.c.objc; path = APAppDelegate.m; sourceTree = "<group>"; };
		F1B2E7FA192F6E8100C8B5D6 /* Images.xcassets */ = {isa = PBXFileReference; lastKnownFileType = folder.assetcatalog; path = Images.xcassets; sourceTree = "<group>"; };
		F1B2E800192F6E8200C8B5D6 /* tubenoiseTests.xctest */ = {isa = PBXFileReference; explicitFileType = wrapper.cfbundle; includeInIndex = 0; path = tubenoiseTests.xctest; sourceTree = BUILT_PRODUCTS_DIR; };
		F1B2E801192F6E8200C8B5D6 /* XCTest.framework */ = {isa = PBXFileReference; lastKnownFileType = wrapper.framework; name = XCTest.framework; path = Library/Frameworks/XCTest.framework; sourceTree = DEVELOPER_DIR; };
		F1B2E809192F6E8200C8B5D6 /* tubenoiseTests-Info.plist */ = {isa = PBXFileReference; lastKnownFileType = text.plist.xml; path = "tubenoiseTests-Info.plist"; sourceTree = "<group>"; };
		F1B2E80B192F6E8200C8B5D6 /* en */ = {isa = PBXFileReference; lastKnownFileType = text.plist.strings; name = en; path = en.lproj/InfoPlist.strings; sourceTree = "<group>"; };
		F1B2E80D192F6E8200C8B5D6 /* tubenoiseTests.m */ = {isa = PBXFileReference; lastKnownFileType = sourcecode.c.objc; path = tubenoiseTests.m; sourceTree = "<group>"; };
		F1B2E817192F708000C8B5D6 /* MessageUI.framework */ = {isa = PBXFileReference; lastKnownFileType = wrapper.framework; name = MessageUI.framework; path = System/Library/Frameworks/MessageUI.framework; sourceTree = SDKROOT; };
		F1B2E819192F708800C8B5D6 /* CoreMotion.framework */ = {isa = PBXFileReference; lastKnownFileType = wrapper.framework; name = CoreMotion.framework; path = System/Library/Frameworks/CoreMotion.framework; sourceTree = SDKROOT; };
		F1B2E81B192F70BE00C8B5D6 /* APHomeViewController.h */ = {isa = PBXFileReference; fileEncoding = 4; lastKnownFileType = sourcecode.c.h; path = APHomeViewController.h; sourceTree = "<group>"; };
		F1B2E81C192F70BE00C8B5D6 /* APHomeViewController.m */ = {isa = PBXFileReference; fileEncoding = 4; lastKnownFileType = sourcecode.c.objc; path = APHomeViewController.m; sourceTree = "<group>"; };
		F1B2E81D192F70BE00C8B5D6 /* APHomeViewController.xib */ = {isa = PBXFileReference; fileEncoding = 4; lastKnownFileType = file.xib; path = APHomeViewController.xib; sourceTree = "<group>"; };
		F1B2E820192F71F800C8B5D6 /* APLGraphView.h */ = {isa = PBXFileReference; fileEncoding = 4; lastKnownFileType = sourcecode.c.h; path = APLGraphView.h; sourceTree = "<group>"; };
		F1B2E821192F71F800C8B5D6 /* APLGraphView.m */ = {isa = PBXFileReference; fileEncoding = 4; lastKnownFileType = sourcecode.c.objc; path = APLGraphView.m; sourceTree = "<group>"; };
		F1B2E823192F999F00C8B5D6 /* APPlotView.h */ = {isa = PBXFileReference; fileEncoding = 4; lastKnownFileType = sourcecode.c.h; path = APPlotView.h; sourceTree = "<group>"; };
		F1B2E824192F999F00C8B5D6 /* APPlotView.m */ = {isa = PBXFileReference; fileEncoding = 4; lastKnownFileType = sourcecode.c.objc; path = APPlotView.m; sourceTree = "<group>"; };
		F1B2E826192FA5AA00C8B5D6 /* APEncodeMovie.h */ = {isa = PBXFileReference; fileEncoding = 4; lastKnownFileType = sourcecode.c.h; path = APEncodeMovie.h; sourceTree = "<group>"; };
		F1B2E827192FA5AA00C8B5D6 /* APEncodeMovie.m */ = {isa = PBXFileReference; fileEncoding = 4; lastKnownFileType = sourcecode.c.objc; path = APEncodeMovie.m; sourceTree = "<group>"; };
		F1BEEF591934C3BD00A0B080 /* APPlotUtils.h */ = {isa = PBXFileReference; fileEncoding = 4; lastKnownFileType = sourcecode.c.h; path = APPlotUtils.h; sourceTree = "<group>"; };
		F1BEEF5A1934C3BD00A0B080 /* APPlotUtils.m */ = {isa = PBXFileReference; fileEncoding = 4; lastKnownFileType = sourcecode.c.objc; path = APPlotUtils.m; sourceTree = "<group>"; };
		F1E08946193520E30077BFAF /* AudioToolbox.framework */ = {isa = PBXFileReference; lastKnownFileType = wrapper.framework; name = AudioToolbox.framework; path = System/Library/Frameworks/AudioToolbox.framework; sourceTree = SDKROOT; };
/* End PBXFileReference section */

/* Begin PBXFrameworksBuildPhase section */
		F1B2E7E2192F6E8100C8B5D6 /* Frameworks */ = {
			isa = PBXFrameworksBuildPhase;
			buildActionMask = 2147483647;
			files = (
				F1E08947193520E30077BFAF /* AudioToolbox.framework in Frameworks */,
				F1B2E81A192F708800C8B5D6 /* CoreMotion.framework in Frameworks */,
				F1B2E818192F708000C8B5D6 /* MessageUI.framework in Frameworks */,
				F1B2E7EB192F6E8100C8B5D6 /* CoreGraphics.framework in Frameworks */,
				F1B2E7ED192F6E8100C8B5D6 /* UIKit.framework in Frameworks */,
				F1B2E7E9192F6E8100C8B5D6 /* Foundation.framework in Frameworks */,
			);
			runOnlyForDeploymentPostprocessing = 0;
		};
		F1B2E7FD192F6E8200C8B5D6 /* Frameworks */ = {
			isa = PBXFrameworksBuildPhase;
			buildActionMask = 2147483647;
			files = (
				F1B2E802192F6E8200C8B5D6 /* XCTest.framework in Frameworks */,
				F1B2E804192F6E8200C8B5D6 /* UIKit.framework in Frameworks */,
				F1B2E803192F6E8200C8B5D6 /* Foundation.framework in Frameworks */,
			);
			runOnlyForDeploymentPostprocessing = 0;
		};
/* End PBXFrameworksBuildPhase section */

/* Begin PBXGroup section */
		F1B2E7DC192F6E8100C8B5D6 = {
			isa = PBXGroup;
			children = (
				F1B2E7EE192F6E8100C8B5D6 /* tubenoise */,
				F1B2E807192F6E8200C8B5D6 /* tubenoiseTests */,
				F1B2E7E7192F6E8100C8B5D6 /* Frameworks */,
				F1B2E7E6192F6E8100C8B5D6 /* Products */,
			);
			sourceTree = "<group>";
		};
		F1B2E7E6192F6E8100C8B5D6 /* Products */ = {
			isa = PBXGroup;
			children = (
				F1B2E7E5192F6E8100C8B5D6 /* tubenoise.app */,
				F1B2E800192F6E8200C8B5D6 /* tubenoiseTests.xctest */,
			);
			name = Products;
			sourceTree = "<group>";
		};
		F1B2E7E7192F6E8100C8B5D6 /* Frameworks */ = {
			isa = PBXGroup;
			children = (
				F1E08946193520E30077BFAF /* AudioToolbox.framework */,
				F1B2E819192F708800C8B5D6 /* CoreMotion.framework */,
				F1B2E817192F708000C8B5D6 /* MessageUI.framework */,
				F1B2E7E8192F6E8100C8B5D6 /* Foundation.framework */,
				F1B2E7EA192F6E8100C8B5D6 /* CoreGraphics.framework */,
				F1B2E7EC192F6E8100C8B5D6 /* UIKit.framework */,
				F1B2E801192F6E8200C8B5D6 /* XCTest.framework */,
			);
			name = Frameworks;
			sourceTree = "<group>";
		};
		F1B2E7EE192F6E8100C8B5D6 /* tubenoise */ = {
			isa = PBXGroup;
			children = (
				F1B2E820192F71F800C8B5D6 /* APLGraphView.h */,
				F1B2E821192F71F800C8B5D6 /* APLGraphView.m */,
				F1B2E7F7192F6E8100C8B5D6 /* APAppDelegate.h */,
				F1B2E7F8192F6E8100C8B5D6 /* APAppDelegate.m */,
				F1B2E81B192F70BE00C8B5D6 /* APHomeViewController.h */,
				F1B2E81C192F70BE00C8B5D6 /* APHomeViewController.m */,
				F1B2E81D192F70BE00C8B5D6 /* APHomeViewController.xib */,
				F1B2E823192F999F00C8B5D6 /* APPlotView.h */,
				F1B2E824192F999F00C8B5D6 /* APPlotView.m */,
				F1BEEF591934C3BD00A0B080 /* APPlotUtils.h */,
				F1BEEF5A1934C3BD00A0B080 /* APPlotUtils.m */,
				F1B2E826192FA5AA00C8B5D6 /* APEncodeMovie.h */,
				F1B2E827192FA5AA00C8B5D6 /* APEncodeMovie.m */,
				F1B2E7FA192F6E8100C8B5D6 /* Images.xcassets */,
				F1B2E7EF192F6E8100C8B5D6 /* Supporting Files */,
			);
			path = tubenoise;
			sourceTree = "<group>";
		};
		F1B2E7EF192F6E8100C8B5D6 /* Supporting Files */ = {
			isa = PBXGroup;
			children = (
				F1B2E7F0192F6E8100C8B5D6 /* tubenoise-Info.plist */,
				F1B2E7F1192F6E8100C8B5D6 /* InfoPlist.strings */,
				F1B2E7F4192F6E8100C8B5D6 /* main.m */,
				F1B2E7F6192F6E8100C8B5D6 /* tubenoise-Prefix.pch */,
			);
			name = "Supporting Files";
			sourceTree = "<group>";
		};
		F1B2E807192F6E8200C8B5D6 /* tubenoiseTests */ = {
			isa = PBXGroup;
			children = (
				F1B2E80D192F6E8200C8B5D6 /* tubenoiseTests.m */,
				F1B2E808192F6E8200C8B5D6 /* Supporting Files */,
			);
			path = tubenoiseTests;
			sourceTree = "<group>";
		};
		F1B2E808192F6E8200C8B5D6 /* Supporting Files */ = {
			isa = PBXGroup;
			children = (
				F1B2E809192F6E8200C8B5D6 /* tubenoiseTests-Info.plist */,
				F1B2E80A192F6E8200C8B5D6 /* InfoPlist.strings */,
			);
			name = "Supporting Files";
			sourceTree = "<group>";
		};
/* End PBXGroup section */

/* Begin PBXNativeTarget section */
		F1B2E7E4192F6E8100C8B5D6 /* tubenoise */ = {
			isa = PBXNativeTarget;
			buildConfigurationList = F1B2E811192F6E8200C8B5D6 /* Build configuration list for PBXNativeTarget "tubenoise" */;
			buildPhases = (
				F1B2E7E1192F6E8100C8B5D6 /* Sources */,
				F1B2E7E2192F6E8100C8B5D6 /* Frameworks */,
				F1B2E7E3192F6E8100C8B5D6 /* Resources */,
			);
			buildRules = (
			);
			dependencies = (
			);
			name = tubenoise;
			productName = tubenoise;
			productReference = F1B2E7E5192F6E8100C8B5D6 /* tubenoise.app */;
			productType = "com.apple.product-type.application";
		};
		F1B2E7FF192F6E8200C8B5D6 /* tubenoiseTests */ = {
			isa = PBXNativeTarget;
			buildConfigurationList = F1B2E814192F6E8200C8B5D6 /* Build configuration list for PBXNativeTarget "tubenoiseTests" */;
			buildPhases = (
				F1B2E7FC192F6E8200C8B5D6 /* Sources */,
				F1B2E7FD192F6E8200C8B5D6 /* Frameworks */,
				F1B2E7FE192F6E8200C8B5D6 /* Resources */,
			);
			buildRules = (
			);
			dependencies = (
				F1B2E806192F6E8200C8B5D6 /* PBXTargetDependency */,
			);
			name = tubenoiseTests;
			productName = tubenoiseTests;
			productReference = F1B2E800192F6E8200C8B5D6 /* tubenoiseTests.xctest */;
			productType = "com.apple.product-type.bundle.unit-test";
		};
/* End PBXNativeTarget section */

/* Begin PBXProject section */
		F1B2E7DD192F6E8100C8B5D6 /* Project object */ = {
			isa = PBXProject;
			attributes = {
				CLASSPREFIX = AP;
				LastUpgradeCheck = 0510;
				ORGANIZATIONNAME = "Agile Projects Ltd";
				TargetAttributes = {
					F1B2E7FF192F6E8200C8B5D6 = {
						TestTargetID = F1B2E7E4192F6E8100C8B5D6;
					};
				};
			};
			buildConfigurationList = F1B2E7E0192F6E8100C8B5D6 /* Build configuration list for PBXProject "tubenoise" */;
			compatibilityVersion = "Xcode 3.2";
			developmentRegion = English;
			hasScannedForEncodings = 0;
			knownRegions = (
				en,
			);
			mainGroup = F1B2E7DC192F6E8100C8B5D6;
			productRefGroup = F1B2E7E6192F6E8100C8B5D6 /* Products */;
			projectDirPath = "";
			projectRoot = "";
			targets = (
				F1B2E7E4192F6E8100C8B5D6 /* tubenoise */,
				F1B2E7FF192F6E8200C8B5D6 /* tubenoiseTests */,
			);
		};
/* End PBXProject section */

/* Begin PBXResourcesBuildPhase section */
		F1B2E7E3192F6E8100C8B5D6 /* Resources */ = {
			isa = PBXResourcesBuildPhase;
			buildActionMask = 2147483647;
			files = (
				F1B2E81F192F70BE00C8B5D6 /* APHomeViewController.xib in Resources */,
				F1B2E7F3192F6E8100C8B5D6 /* InfoPlist.strings in Resources */,
				F1B2E7FB192F6E8100C8B5D6 /* Images.xcassets in Resources */,
			);
			runOnlyForDeploymentPostprocessing = 0;
		};
		F1B2E7FE192F6E8200C8B5D6 /* Resources */ = {
			isa = PBXResourcesBuildPhase;
			buildActionMask = 2147483647;
			files = (
				F1B2E80C192F6E8200C8B5D6 /* InfoPlist.strings in Resources */,
			);
			runOnlyForDeploymentPostprocessing = 0;
		};
/* End PBXResourcesBuildPhase section */

/* Begin PBXSourcesBuildPhase section */
		F1B2E7E1192F6E8100C8B5D6 /* Sources */ = {
			isa = PBXSourcesBuildPhase;
			buildActionMask = 2147483647;
			files = (
				F1BEEF5B1934C3BD00A0B080 /* APPlotUtils.m in Sources */,
				F1B2E7F5192F6E8100C8B5D6 /* main.m in Sources */,
				F1B2E828192FA5AA00C8B5D6 /* APEncodeMovie.m in Sources */,
				F1B2E81E192F70BE00C8B5D6 /* APHomeViewController.m in Sources */,
				F1B2E7F9192F6E8100C8B5D6 /* APAppDelegate.m in Sources */,
				F1B2E825192F999F00C8B5D6 /* APPlotView.m in Sources */,
				F1B2E822192F71F800C8B5D6 /* APLGraphView.m in Sources */,
			);
			runOnlyForDeploymentPostprocessing = 0;
		};
		F1B2E7FC192F6E8200C8B5D6 /* Sources */ = {
			isa = PBXSourcesBuildPhase;
			buildActionMask = 2147483647;
			files = (
				F1B2E80E192F6E8200C8B5D6 /* tubenoiseTests.m in Sources */,
			);
			runOnlyForDeploymentPostprocessing = 0;
		};
/* End PBXSourcesBuildPhase section */

/* Begin PBXTargetDependency section */
		F1B2E806192F6E8200C8B5D6 /* PBXTargetDependency */ = {
			isa = PBXTargetDependency;
			target = F1B2E7E4192F6E8100C8B5D6 /* tubenoise */;
			targetProxy = F1B2E805192F6E8200C8B5D6 /* PBXContainerItemProxy */;
		};
/* End PBXTargetDependency section */

/* Begin PBXVariantGroup section */
		F1B2E7F1192F6E8100C8B5D6 /* InfoPlist.strings */ = {
			isa = PBXVariantGroup;
			children = (
				F1B2E7F2192F6E8100C8B5D6 /* en */,
			);
			name = InfoPlist.strings;
			sourceTree = "<group>";
		};
		F1B2E80A192F6E8200C8B5D6 /* InfoPlist.strings */ = {
			isa = PBXVariantGroup;
			children = (
				F1B2E80B192F6E8200C8B5D6 /* en */,
			);
			name = InfoPlist.strings;
			sourceTree = "<group>";
		};
/* End PBXVariantGroup section */

/* Begin XCBuildConfiguration section */
		F1B2E80F192F6E8200C8B5D6 /* Debug */ = {
			isa = XCBuildConfiguration;
			buildSettings = {
				ALWAYS_SEARCH_USER_PATHS = NO;
				CLANG_CXX_LANGUAGE_STANDARD = "gnu++0x";
				CLANG_CXX_LIBRARY = "libc++";
				CLANG_ENABLE_MODULES = YES;
				CLANG_ENABLE_OBJC_ARC = YES;
				CLANG_WARN_BOOL_CONVERSION = YES;
				CLANG_WARN_CONSTANT_CONVERSION = YES;
				CLANG_WARN_DIRECT_OBJC_ISA_USAGE = YES_ERROR;
				CLANG_WARN_EMPTY_BODY = YES;
				CLANG_WARN_ENUM_CONVERSION = YES;
				CLANG_WARN_INT_CONVERSION = YES;
				CLANG_WARN_OBJC_ROOT_CLASS = YES_ERROR;
				CLANG_WARN__DUPLICATE_METHOD_MATCH = YES;
				"CODE_SIGN_IDENTITY[sdk=iphoneos*]" = "iPhone Developer";
				COPY_PHASE_STRIP = NO;
				GCC_C_LANGUAGE_STANDARD = gnu99;
				GCC_DYNAMIC_NO_PIC = NO;
				GCC_OPTIMIZATION_LEVEL = 0;
				GCC_PREPROCESSOR_DEFINITIONS = (
					"DEBUG=1",
					"$(inherited)",
				);
				GCC_SYMBOLS_PRIVATE_EXTERN = NO;
				GCC_WARN_64_TO_32_BIT_CONVERSION = YES;
				GCC_WARN_ABOUT_RETURN_TYPE = YES_ERROR;
				GCC_WARN_UNDECLARED_SELECTOR = YES;
				GCC_WARN_UNINITIALIZED_AUTOS = YES_AGGRESSIVE;
				GCC_WARN_UNUSED_FUNCTION = YES;
				GCC_WARN_UNUSED_VARIABLE = YES;
				IPHONEOS_DEPLOYMENT_TARGET = 7.1;
				ONLY_ACTIVE_ARCH = YES;
				SDKROOT = iphoneos;
			};
			name = Debug;
		};
		F1B2E810192F6E8200C8B5D6 /* Release */ = {
			isa = XCBuildConfiguration;
			buildSettings = {
				ALWAYS_SEARCH_USER_PATHS = NO;
				CLANG_CXX_LANGUAGE_STANDARD = "gnu++0x";
				CLANG_CXX_LIBRARY = "libc++";
				CLANG_ENABLE_MODULES = YES;
				CLANG_ENABLE_OBJC_ARC = YES;
				CLANG_WARN_BOOL_CONVERSION = YES;
				CLANG_WARN_CONSTANT_CONVERSION = YES;
				CLANG_WARN_DIRECT_OBJC_ISA_USAGE = YES_ERROR;
				CLANG_WARN_EMPTY_BODY = YES;
				CLANG_WARN_ENUM_CONVERSION = YES;
				CLANG_WARN_INT_CONVERSION = YES;
				CLANG_WARN_OBJC_ROOT_CLASS = YES_ERROR;
				CLANG_WARN__DUPLICATE_METHOD_MATCH = YES;
				"CODE_SIGN_IDENTITY[sdk=iphoneos*]" = "iPhone Developer";
				COPY_PHASE_STRIP = YES;
				ENABLE_NS_ASSERTIONS = NO;
				GCC_C_LANGUAGE_STANDARD = gnu99;
				GCC_WARN_64_TO_32_BIT_CONVERSION = YES;
				GCC_WARN_ABOUT_RETURN_TYPE = YES_ERROR;
				GCC_WARN_UNDECLARED_SELECTOR = YES;
				GCC_WARN_UNINITIALIZED_AUTOS = YES_AGGRESSIVE;
				GCC_WARN_UNUSED_FUNCTION = YES;
				GCC_WARN_UNUSED_VARIABLE = YES;
				IPHONEOS_DEPLOYMENT_TARGET = 7.1;
				SDKROOT = iphoneos;
				VALIDATE_PRODUCT = YES;
			};
			name = Release;
		};
		F1B2E812192F6E8200C8B5D6 /* Debug */ = {
			isa = XCBuildConfiguration;
			buildSettings = {
				ASSETCATALOG_COMPILER_APPICON_NAME = AppIcon;
				ASSETCATALOG_COMPILER_LAUNCHIMAGE_NAME = LaunchImage;
				GCC_PRECOMPILE_PREFIX_HEADER = YES;
				GCC_PREFIX_HEADER = "tubenoise/tubenoise-Prefix.pch";
				INFOPLIST_FILE = "tubenoise/tubenoise-Info.plist";
				PRODUCT_NAME = "$(TARGET_NAME)";
				WRAPPER_EXTENSION = app;
			};
			name = Debug;
		};
		F1B2E813192F6E8200C8B5D6 /* Release */ = {
			isa = XCBuildConfiguration;
			buildSettings = {
				ASSETCATALOG_COMPILER_APPICON_NAME = AppIcon;
				ASSETCATALOG_COMPILER_LAUNCHIMAGE_NAME = LaunchImage;
				GCC_PRECOMPILE_PREFIX_HEADER = YES;
				GCC_PREFIX_HEADER = "tubenoise/tubenoise-Prefix.pch";
				INFOPLIST_FILE = "tubenoise/tubenoise-Info.plist";
				PRODUCT_NAME = "$(TARGET_NAME)";
				WRAPPER_EXTENSION = app;
			};
			name = Release;
		};
		F1B2E815192F6E8200C8B5D6 /* Debug */ = {
			isa = XCBuildConfiguration;
			buildSettings = {
				BUNDLE_LOADER = "$(BUILT_PRODUCTS_DIR)/tubenoise.app/tubenoise";
				FRAMEWORK_SEARCH_PATHS = (
					"$(SDKROOT)/Developer/Library/Frameworks",
					"$(inherited)",
					"$(DEVELOPER_FRAMEWORKS_DIR)",
				);
				GCC_PRECOMPILE_PREFIX_HEADER = YES;
				GCC_PREFIX_HEADER = "tubenoise/tubenoise-Prefix.pch";
				GCC_PREPROCESSOR_DEFINITIONS = (
					"DEBUG=1",
					"$(inherited)",
				);
				INFOPLIST_FILE = "tubenoiseTests/tubenoiseTests-Info.plist";
				PRODUCT_NAME = "$(TARGET_NAME)";
				TEST_HOST = "$(BUNDLE_LOADER)";
				WRAPPER_EXTENSION = xctest;
			};
			name = Debug;
		};
		F1B2E816192F6E8200C8B5D6 /* Release */ = {
			isa = XCBuildConfiguration;
			buildSettings = {
				BUNDLE_LOADER = "$(BUILT_PRODUCTS_DIR)/tubenoise.app/tubenoise";
				FRAMEWORK_SEARCH_PATHS = (
					"$(SDKROOT)/Developer/Library/Frameworks",
					"$(inherited)",
					"$(DEVELOPER_FRAMEWORKS_DIR)",
				);
				GCC_PRECOMPILE_PREFIX_HEADER = YES;
				GCC_PREFIX_HEADER = "tubenoise/tubenoise-Prefix.pch";
				INFOPLIST_FILE = "tubenoiseTests/tubenoiseTests-Info.plist";
				PRODUCT_NAME = "$(TARGET_NAME)";
				TEST_HOST = "$(BUNDLE_LOADER)";
				WRAPPER_EXTENSION = xctest;
			};
			name = Release;
		};
/* End XCBuildConfiguration section */

/* Begin XCConfigurationList section */
		F1B2E7E0192F6E8100C8B5D6 /* Build configuration list for PBXProject "tubenoise" */ = {
			isa = XCConfigurationList;
			buildConfigurations = (
				F1B2E80F192F6E8200C8B5D6 /* Debug */,
				F1B2E810192F6E8200C8B5D6 /* Release */,
			);
			defaultConfigurationIsVisible = 0;
			defaultConfigurationName = Release;
		};
		F1B2E811192F6E8200C8B5D6 /* Build configuration list for PBXNativeTarget "tubenoise" */ = {
			isa = XCConfigurationList;
			buildConfigurations = (
				F1B2E812192F6E8200C8B5D6 /* Debug */,
				F1B2E813192F6E8200C8B5D6 /* Release */,
			);
			defaultConfigurationIsVisible = 0;
			defaultConfigurationName = Release;
		};
		F1B2E814192F6E8200C8B5D6 /* Build configuration list for PBXNativeTarget "tubenoiseTests" */ = {
			isa = XCConfigurationList;
			buildConfigurations = (
				F1B2E815192F6E8200C8B5D6 /* Debug */,
				F1B2E816192F6E8200C8B5D6 /* Release */,
			);
			defaultConfigurationIsVisible = 0;
			defaultConfigurationName = Release;
		};
/* End XCConfigurationList section */
	};
	rootObject = F1B2E7DD192F6E8100C8B5D6 /* Project object */;
}
